<?xml version="1.0" encoding="utf-8"?>
<Project ToolsVersion="4.0" xmlns="http://schemas.microsoft.com/developer/msbuild/2003">
  <ItemGroup>
    <Filter Include="Source Files">
      <UniqueIdentifier>{4FC737F1-C7A5-4376-A066-2A32D752A2FF}</UniqueIdentifier>
      <Extensions>cpp;c;cc;cxx;c++;cppm;ixx;def;odl;idl;hpj;bat;asm;asmx</Extensions>
    </Filter>
    <Filter Include="Header Files">
      <UniqueIdentifier>{93995380-89BD-4b04-88EB-625FBE52EBFB}</UniqueIdentifier>
      <Extensions>h;hh;hpp;hxx;h++;hm;inl;inc;ipp;xsd</Extensions>
    </Filter>
    <Filter Include="Resource Files">
      <UniqueIdentifier>{67DA6AB6-F800-4c08-8B7A-83BB121AAD01}</UniqueIdentifier>
      <Extensions>rc;ico;cur;bmp;dlg;rc2;rct;bin;rgs;gif;jpg;jpeg;jpe;resx;tiff;tif;png;wav;mfcribbon-ms</Extensions>
    </Filter>
  </ItemGroup>
  <ItemGroup>
    <ClCompile Include="..\source\if_its-concepts_of_artificial_intelligence\if_its-coai-8_puzzles_bfs_solver.cpp">
      <Filter>Source Files</Filter>
    </ClCompile>
    <ClCompile Include="..\source\if_its-graph_theory\if_its-gt-dijkstra_pathfinding.cpp">
      <Filter>Source Files</Filter>
    </ClCompile>
    <ClCompile Include="..\source\if_its-basics_of_programming\lab_work_1\if_its-bof_lw1-zoro_wants_to_sleep_again.c">
      <Filter>Source Files</Filter>
    </ClCompile>
    <ClCompile Include="..\source\if_its-concepts_of_artificial_intelligence\if_its-coai-simple_hill_climbing.cpp">
      <Filter>Source Files</Filter>
    </ClCompile>
    <ClCompile Include="..\source\if_its-basics_of_programming\toki_exercises\if_its-bop-te-faktor_bilangan.c">
      <Filter>Source Files</Filter>
    </ClCompile>
    <ClCompile Include="..\source\if_its-concepts_of_artificial_intelligence\it_its-coai-8_puzzles_a_star.cpp">
      <Filter>Source Files</Filter>
    </ClCompile>
    <ClCompile Include="..\source\codeforces\800-a._watermelon.cpp">
      <Filter>Source Files</Filter>
    </ClCompile>
    <ClCompile Include="..\source\codeforces\0-template.cpp">
      <Filter>Source Files</Filter>
    </ClCompile>
    <ClCompile Include="..\source\if_its-linear_algebra\if_its-la-elementary_row_operations.cpp">
      <Filter>Source Files</Filter>
    </ClCompile>
    <ClCompile Include="..\source\codeforces\900-a._even_odds.cpp">
      <Filter>Source Files</Filter>
    </ClCompile>
    <ClCompile Include="..\source\codeforces\800-a._lucky.cpp">
      <Filter>Source Files</Filter>
    </ClCompile>
    <ClCompile Include="..\source\if_its-concepts_of_artificial_intelligence\if_its-coai-8_queens_heuristic_search.cpp">
      <Filter>Source Files</Filter>
    </ClCompile>
    <ClCompile Include="..\source\if_its-graph_theory\if_its-gt-bellman_ford_mst_finder.cpp">
      <Filter>Source Files</Filter>
    </ClCompile>
    <ClCompile Include="..\source\if_its-data_structures\if_its-ds-data_structures_compendium_and_functions_encyclopedia.cpp">
      <Filter>Source Files</Filter>
    </ClCompile>
    <ClCompile Include="..\source\if_its-basics_of_programming\lab_work_1\if_its-2023-bof_lw1-addicted_to_10_adics.c">
      <Filter>Source Files</Filter>
    </ClCompile>
    <ClCompile Include="..\source\if_its-basics_of_programming\lab_work_2\if_its-bof_lw1-zimbabwe_millionaire.c">
      <Filter>Source Files</Filter>
    </ClCompile>
    <ClCompile Include="..\source\playgrounds.cpp">
      <Filter>Source Files</Filter>
    </ClCompile>
    <ClCompile Include="..\source\algorithms\string_reverse.c">
      <Filter>Source Files</Filter>
    </ClCompile>
  </ItemGroup>
</Project>