
Microsoft Visual Studio Solution File, Format Version 12.00
# Visual Studio Version 17
VisualStudioVersion = 17.5.33424.131
MinimumVisualStudioVersion = 10.0.40219.1
Project("{8BC9CEB8-8B4A-11D0-8D11-00A0C91BC942}") = "project", "project.vcxproj", "{67F7BB8E-ED1C-4F6D-B0A0-5A27A75E085F}"
EndProject
Project("{8BC9CEB8-8B4A-11D0-8D11-00A0C91BC942}") = "development", "..\development\development.vcxproj", "{DCBEF42A-2C80-460B-8FF5-8BA8AB215751}"
EndProject
Global
	GlobalSection(SolutionConfigurationPlatforms) = preSolution
		Debug|x64 = Debug|x64
		Debug|x86 = Debug|x86
		Release|x64 = Release|x64
		Release|x86 = Release|x86
	EndGlobalSection
	GlobalSection(ProjectConfigurationPlatforms) = postSolution
		{67F7BB8E-ED1C-4F6D-B0A0-5A27A75E085F}.Debug|x64.ActiveCfg = Debug|x64
		{67F7BB8E-ED1C-4F6D-B0A0-5A27A75E085F}.Debug|x64.Build.0 = Debug|x64
		{67F7BB8E-ED1C-4F6D-B0A0-5A27A75E085F}.Debug|x86.ActiveCfg = Debug|Win32
		{67F7BB8E-ED1C-4F6D-B0A0-5A27A75E085F}.Debug|x86.Build.0 = Debug|Win32
		{67F7BB8E-ED1C-4F6D-B0A0-5A27A75E085F}.Release|x64.ActiveCfg = Release|x64
		{67F7BB8E-ED1C-4F6D-B0A0-5A27A75E085F}.Release|x64.Build.0 = Release|x64
		{67F7BB8E-ED1C-4F6D-B0A0-5A27A75E085F}.Release|x86.ActiveCfg = Release|Win32
		{67F7BB8E-ED1C-4F6D-B0A0-5A27A75E085F}.Release|x86.Build.0 = Release|Win32
		{DCBEF42A-2C80-460B-8FF5-8BA8AB215751}.Debug|x64.ActiveCfg = Debug|x64
		{DCBEF42A-2C80-460B-8FF5-8BA8AB215751}.Debug|x64.Build.0 = Debug|x64
		{DCBEF42A-2C80-460B-8FF5-8BA8AB215751}.Debug|x86.ActiveCfg = Debug|Win32
		{DCBEF42A-2C80-460B-8FF5-8BA8AB215751}.Debug|x86.Build.0 = Debug|Win32
		{DCBEF42A-2C80-460B-8FF5-8BA8AB215751}.Release|x64.ActiveCfg = Release|x64
		{DCBEF42A-2C80-460B-8FF5-8BA8AB215751}.Release|x64.Build.0 = Release|x64
		{DCBEF42A-2C80-460B-8FF5-8BA8AB215751}.Release|x86.ActiveCfg = Release|Win32
		{DCBEF42A-2C80-460B-8FF5-8BA8AB215751}.Release|x86.Build.0 = Release|Win32
	EndGlobalSection
	GlobalSection(SolutionProperties) = preSolution
		HideSolutionNode = FALSE
	EndGlobalSection
	GlobalSection(ExtensibilityGlobals) = postSolution
		SolutionGuid = {393605CC-E219-4A2A-B36E-F4D18B62E0BB}
	EndGlobalSection
EndGlobal
